<?xml version="1.0" encoding="utf-8"?>
<Project ToolsVersion="4.0" xmlns="http://schemas.microsoft.com/developer/msbuild/2003">
  <ItemGroup>
    <Filter Include="Shadow-Gui">
      <UniqueIdentifier>{0af157d0-9476-49b4-93e9-87565625a2c3}</UniqueIdentifier>
    </Filter>
    <Filter Include="Shadow-Gui\external">
      <UniqueIdentifier>{bd4d8e05-77ff-4bc0-9c40-d356d1c57fd6}</UniqueIdentifier>
    </Filter>
    <Filter Include="Shadow-Gui\external\AOBScan">
      <UniqueIdentifier>{905a61f9-65ec-489c-b651-179ba9dc3cea}</UniqueIdentifier>
    </Filter>
    <Filter Include="Shadow-Gui\external\MinHook">
      <UniqueIdentifier>{87d92249-4ab8-4a2c-a094-daf1caf8b23e}</UniqueIdentifier>
    </Filter>
    <Filter Include="Shadow-Gui\external\MinHook\src">
      <UniqueIdentifier>{faa6601a-0259-4680-acfd-ed57636764a4}</UniqueIdentifier>
    </Filter>
    <Filter Include="Shadow-Gui\external\MinHook\src\hde">
      <UniqueIdentifier>{0959ec4d-37fb-49af-a5e6-67ce174bc677}</UniqueIdentifier>
    </Filter>
    <Filter Include="Shadow-Gui\external\MinHook\include">
      <UniqueIdentifier>{4d371ace-dedf-4e39-ab88-d880619c6796}</UniqueIdentifier>
    </Filter>
    <Filter Include="Shadow-Gui\external\CppSDK">
      <UniqueIdentifier>{499bd193-3bd3-46c4-9911-306f439b787f}</UniqueIdentifier>
    </Filter>
    <Filter Include="Shadow-Gui\external\CppSDK\SDK">
      <UniqueIdentifier>{8d94bbba-1193-4cda-a5b3-dd17fc5e398c}</UniqueIdentifier>
    </Filter>
    <Filter Include="Shadow-Gui\src">
      <UniqueIdentifier>{a00081f1-2750-4f47-ad15-3977e24ba88a}</UniqueIdentifier>
    </Filter>
    <Filter Include="Shadow-Gui\examples">
      <UniqueIdentifier>{d1200b9b-d154-42f9-9d80-659b56c1f6eb}</UniqueIdentifier>
    </Filter>
    <Filter Include="Shadow-Gui\misc">
      <UniqueIdentifier>{5c3d4874-4bb8-48a3-ac75-4b102c206539}</UniqueIdentifier>
    </Filter>
    <Filter Include="Shadow-Gui\misc\fonts">
      <UniqueIdentifier>{d79cdafc-2f40-45e2-8c8a-5dbb185e4ad3}</UniqueIdentifier>
    </Filter>
    <Filter Include="Shadow-Gui\misc\textures">
      <UniqueIdentifier>{eff9bb65-40b4-4083-81e2-d9a52987fb9e}</UniqueIdentifier>
    </Filter>
  </ItemGroup>
  <ItemGroup>
    <ClCompile Include="dllmain.cpp">
      <Filter>Shadow-Gui</Filter>
    </ClCompile>
    <ClCompile Include="external\MinHook\src\buffer.c">
      <Filter>Shadow-Gui\external\MinHook\src</Filter>
    </ClCompile>
    <ClCompile Include="external\MinHook\src\hook.c">
      <Filter>Shadow-Gui\external\MinHook\src</Filter>
    </ClCompile>
    <ClCompile Include="external\MinHook\src\trampoline.c">
      <Filter>Shadow-Gui\external\MinHook\src</Filter>
    </ClCompile>
    <ClCompile Include="external\MinHook\src\hde\hde32.c">
      <Filter>Shadow-Gui\external\MinHook\src\hde</Filter>
    </ClCompile>
    <ClCompile Include="external\MinHook\src\hde\hde64.c">
      <Filter>Shadow-Gui\external\MinHook\src\hde</Filter>
    </ClCompile>
    <ClCompile Include="external\CppSDK\SDK\Basic.cpp">
      <Filter>Shadow-Gui\external\CppSDK\SDK</Filter>
    </ClCompile>
    <ClCompile Include="external\CppSDK\SDK\CoreUObject_functions.cpp">
      <Filter>Shadow-Gui\external\CppSDK\SDK</Filter>
    </ClCompile>
    <ClCompile Include="external\CppSDK\SDK\Engine_functions.cpp">
      <Filter>Shadow-Gui\external\CppSDK\SDK</Filter>
    </ClCompile>
  </ItemGroup>
  <ItemGroup>
    <ClInclude Include="external\AOBScan\AOBScan.hpp">
      <Filter>Shadow-Gui\external\AOBScan</Filter>
    </ClInclude>
    <ClInclude Include="external\MinHook\include\MinHook.h">
      <Filter>Shadow-Gui\external\MinHook\include</Filter>
    </ClInclude>
    <ClInclude Include="external\MinHook\src\buffer.h">
      <Filter>Shadow-Gui\external\MinHook\src</Filter>
    </ClInclude>
    <ClInclude Include="external\MinHook\src\trampoline.h">
      <Filter>Shadow-Gui\external\MinHook\src</Filter>
    </ClInclude>
    <ClInclude Include="external\MinHook\src\hde\hde32.h">
      <Filter>Shadow-Gui\external\MinHook\src\hde</Filter>
    </ClInclude>
    <ClInclude Include="external\MinHook\src\hde\hde64.h">
      <Filter>Shadow-Gui\external\MinHook\src\hde</Filter>
    </ClInclude>
    <ClInclude Include="external\MinHook\src\hde\pstdint.h">
      <Filter>Shadow-Gui\external\MinHook\src\hde</Filter>
    </ClInclude>
    <ClInclude Include="external\MinHook\src\hde\table32.h">
      <Filter>Shadow-Gui\external\MinHook\src\hde</Filter>
    </ClInclude>
    <ClInclude Include="external\MinHook\src\hde\table64.h">
      <Filter>Shadow-Gui\external\MinHook\src\hde</Filter>
    </ClInclude>
    <ClInclude Include="external\CppSDK\PropertyFixup.hpp">
      <Filter>Shadow-Gui\external\CppSDK</Filter>
    </ClInclude>
    <ClInclude Include="external\CppSDK\SDK.hpp">
      <Filter>Shadow-Gui\external\CppSDK</Filter>
    </ClInclude>
    <ClInclude Include="external\CppSDK\UnrealContainers.hpp">
      <Filter>Shadow-Gui\external\CppSDK</Filter>
    </ClInclude>
    <ClInclude Include="external\CppSDK\UtfN.hpp">
      <Filter>Shadow-Gui\external\CppSDK</Filter>
    </ClInclude>
    <ClInclude Include="src\Shadow.h">
      <Filter>Shadow-Gui\src</Filter>
    </ClInclude>
    <ClInclude Include="examples\Example.h">
      <Filter>Shadow-Gui\examples</Filter>
    </ClInclude>
    <ClInclude Include="examples\Example_Nav.h">
      <Filter>Shadow-Gui\examples</Filter>
    </ClInclude>
    <ClInclude Include="examples\shadow_demo.h">
      <Filter>Shadow-Gui\examples</Filter>
    </ClInclude>
    <ClInclude Include="src\Shadow_Texture.h">
      <Filter>Shadow-Gui\src</Filter>
    </ClInclude>
    <ClInclude Include="misc\textures\Shadow_Titlebar.h">
      <Filter>Shadow-Gui\misc\textures</Filter>
    </ClInclude>
    <ClInclude Include="misc\fonts\CangErShuYuanTi_W03.h">
      <Filter>Shadow-Gui\misc\fonts</Filter>
    </ClInclude>
  </ItemGroup>
  <ItemGroup>
    <None Include="external\CppSDK\Assertions.inl">
      <Filter>Shadow-Gui\external\CppSDK</Filter>
    </None>
    <None Include="external\CppSDK\NameCollisions.inl">
      <Filter>Shadow-Gui\external\CppSDK</Filter>
    </None>
  </ItemGroup>
</Project>